
Microsoft Visual Studio Solution File, Format Version 12.00
# Visual Studio Version 17
VisualStudioVersion = 17.2.32602.215
MinimumVisualStudioVersion = 10.0.40219.1
Project("{FAE04EC0-301F-11D3-BF4B-00C04F79EFBC}") = "Solutions", "Solutions\Solutions.csproj", "{3FAE05BA-C6C3-42BE-8527-EABDA28FE466}"
EndProject
Global
	GlobalSection(SolutionConfigurationPlatforms) = preSolution
		Debug|Any CPU = Debug|Any CPU
		Release|Any CPU = Release|Any CPU
	EndGlobalSection
	GlobalSection(ProjectConfigurationPlatforms) = postSolution
		{3FAE05BA-C6C3-42BE-8527-EABDA28FE466}.Debug|Any CPU.ActiveCfg = Debug|Any CPU
		{3FAE05BA-C6C3-42BE-8527-EABDA28FE466}.Debug|Any CPU.Build.0 = Debug|Any CPU
		{3FAE05BA-C6C3-42BE-8527-EABDA28FE466}.Release|Any CPU.ActiveCfg = Release|Any CPU
		{3FAE05BA-C6C3-42BE-8527-EABDA28FE466}.Release|Any CPU.Build.0 = Release|Any CPU
	EndGlobalSection
	GlobalSection(SolutionProperties) = preSolution
		HideSolutionNode = FALSE
	EndGlobalSection
	GlobalSection(ExtensibilityGlobals) = postSolution
		SolutionGuid = {1BD23F75-9797-44D9-8CD9-362141360FC1}
	EndGlobalSection
EndGlobal
